
Microsoft Visual Studio Solution File, Format Version 12.00
# Visual Studio Version 17
VisualStudioVersion = 17.6.33723.286
MinimumVisualStudioVersion = 10.0.40219.1
Project("{FAE04EC0-301F-11D3-BF4B-00C04F79EFBC}") = "Genéricos", "Genéricos.csproj", "{09BEB3EC-9D30-45B4-910E-70EF37C1683C}"
EndProject
Global
	GlobalSection(SolutionConfigurationPlatforms) = preSolution
		Debug|Any CPU = Debug|Any CPU
		Release|Any CPU = Release|Any CPU
	EndGlobalSection
	GlobalSection(ProjectConfigurationPlatforms) = postSolution
		{09BEB3EC-9D30-45B4-910E-70EF37C1683C}.Debug|Any CPU.ActiveCfg = Debug|Any CPU
		{09BEB3EC-9D30-45B4-910E-70EF37C1683C}.Debug|Any CPU.Build.0 = Debug|Any CPU
		{09BEB3EC-9D30-45B4-910E-70EF37C1683C}.Release|Any CPU.ActiveCfg = Release|Any CPU
		{09BEB3EC-9D30-45B4-910E-70EF37C1683C}.Release|Any CPU.Build.0 = Release|Any CPU
	EndGlobalSection
	GlobalSection(SolutionProperties) = preSolution
		HideSolutionNode = FALSE
	EndGlobalSection
	GlobalSection(ExtensibilityGlobals) = postSolution
		SolutionGuid = {A627DE6E-1D6D-4F93-AE00-683272A44EE9}
	EndGlobalSection
EndGlobal
