
Microsoft Visual Studio Solution File, Format Version 12.00
# Visual Studio Version 17
VisualStudioVersion = 17.6.33723.286
MinimumVisualStudioVersion = 10.0.40219.1
Project("{FAE04EC0-301F-11D3-BF4B-00C04F79EFBC}") = "practica_poo", "practica_poo.csproj", "{6673AA4D-D0D2-45EE-A2C9-1BE6052ECA20}"
EndProject
Global
	GlobalSection(SolutionConfigurationPlatforms) = preSolution
		Debug|Any CPU = Debug|Any CPU
		Release|Any CPU = Release|Any CPU
	EndGlobalSection
	GlobalSection(ProjectConfigurationPlatforms) = postSolution
		{6673AA4D-D0D2-45EE-A2C9-1BE6052ECA20}.Debug|Any CPU.ActiveCfg = Debug|Any CPU
		{6673AA4D-D0D2-45EE-A2C9-1BE6052ECA20}.Debug|Any CPU.Build.0 = Debug|Any CPU
		{6673AA4D-D0D2-45EE-A2C9-1BE6052ECA20}.Release|Any CPU.ActiveCfg = Release|Any CPU
		{6673AA4D-D0D2-45EE-A2C9-1BE6052ECA20}.Release|Any CPU.Build.0 = Release|Any CPU
	EndGlobalSection
	GlobalSection(SolutionProperties) = preSolution
		HideSolutionNode = FALSE
	EndGlobalSection
	GlobalSection(ExtensibilityGlobals) = postSolution
		SolutionGuid = {35822412-98E9-4BBA-A8D1-7014BEF8110A}
	EndGlobalSection
EndGlobal
