
Microsoft Visual Studio Solution File, Format Version 12.00
# Visual Studio Version 17
VisualStudioVersion = 17.6.33723.286
MinimumVisualStudioVersion = 10.0.40219.1
Project("{FAE04EC0-301F-11D3-BF4B-00C04F79EFBC}") = "LinkedList", "LinkedList.csproj", "{1C7384B9-6512-4EFB-98E3-FDE0436FA7CD}"
EndProject
Global
	GlobalSection(SolutionConfigurationPlatforms) = preSolution
		Debug|Any CPU = Debug|Any CPU
		Release|Any CPU = Release|Any CPU
	EndGlobalSection
	GlobalSection(ProjectConfigurationPlatforms) = postSolution
		{1C7384B9-6512-4EFB-98E3-FDE0436FA7CD}.Debug|Any CPU.ActiveCfg = Debug|Any CPU
		{1C7384B9-6512-4EFB-98E3-FDE0436FA7CD}.Debug|Any CPU.Build.0 = Debug|Any CPU
		{1C7384B9-6512-4EFB-98E3-FDE0436FA7CD}.Release|Any CPU.ActiveCfg = Release|Any CPU
		{1C7384B9-6512-4EFB-98E3-FDE0436FA7CD}.Release|Any CPU.Build.0 = Release|Any CPU
	EndGlobalSection
	GlobalSection(SolutionProperties) = preSolution
		HideSolutionNode = FALSE
	EndGlobalSection
	GlobalSection(ExtensibilityGlobals) = postSolution
		SolutionGuid = {C3281FE1-A1FA-46F6-80D8-57B1EBAC8A08}
	EndGlobalSection
EndGlobal
