
Microsoft Visual Studio Solution File, Format Version 12.00
# Visual Studio Version 17
VisualStudioVersion = 17.6.33723.286
MinimumVisualStudioVersion = 10.0.40219.1
Project("{9A19103F-16F7-4668-BE54-9A1E7A4F7556}") = "PiedraPapelTijera", "PiedraPaleTijeranew\PiedraPapelTijera.csproj", "{FA2C42E3-8AB3-410D-9343-DDD14A342384}"
EndProject
Global
	GlobalSection(SolutionConfigurationPlatforms) = preSolution
		Debug|Any CPU = Debug|Any CPU
		Release|Any CPU = Release|Any CPU
	EndGlobalSection
	GlobalSection(ProjectConfigurationPlatforms) = postSolution
		{FA2C42E3-8AB3-410D-9343-DDD14A342384}.Debug|Any CPU.ActiveCfg = Debug|Any CPU
		{FA2C42E3-8AB3-410D-9343-DDD14A342384}.Debug|Any CPU.Build.0 = Debug|Any CPU
		{FA2C42E3-8AB3-410D-9343-DDD14A342384}.Release|Any CPU.ActiveCfg = Release|Any CPU
		{FA2C42E3-8AB3-410D-9343-DDD14A342384}.Release|Any CPU.Build.0 = Release|Any CPU
	EndGlobalSection
	GlobalSection(SolutionProperties) = preSolution
		HideSolutionNode = FALSE
	EndGlobalSection
	GlobalSection(ExtensibilityGlobals) = postSolution
		SolutionGuid = {3DE25961-D853-4CAD-8CC9-7F17B6B6649C}
	EndGlobalSection
EndGlobal
