
Microsoft Visual Studio Solution File, Format Version 12.00
# Visual Studio Version 17
VisualStudioVersion = 17.6.33723.286
MinimumVisualStudioVersion = 10.0.40219.1
Project("{FAE04EC0-301F-11D3-BF4B-00C04F79EFBC}") = "WPFCap2", "WPFCap2.csproj", "{E0CC3D79-B6D4-478F-8ECF-CF36024A6568}"
EndProject
Global
	GlobalSection(SolutionConfigurationPlatforms) = preSolution
		Debug|Any CPU = Debug|Any CPU
		Release|Any CPU = Release|Any CPU
	EndGlobalSection
	GlobalSection(ProjectConfigurationPlatforms) = postSolution
		{E0CC3D79-B6D4-478F-8ECF-CF36024A6568}.Debug|Any CPU.ActiveCfg = Debug|Any CPU
		{E0CC3D79-B6D4-478F-8ECF-CF36024A6568}.Debug|Any CPU.Build.0 = Debug|Any CPU
		{E0CC3D79-B6D4-478F-8ECF-CF36024A6568}.Release|Any CPU.ActiveCfg = Release|Any CPU
		{E0CC3D79-B6D4-478F-8ECF-CF36024A6568}.Release|Any CPU.Build.0 = Release|Any CPU
	EndGlobalSection
	GlobalSection(SolutionProperties) = preSolution
		HideSolutionNode = FALSE
	EndGlobalSection
	GlobalSection(ExtensibilityGlobals) = postSolution
		SolutionGuid = {6FED5FBA-1D75-4916-A6B9-8E6545C07827}
	EndGlobalSection
EndGlobal
