
Microsoft Visual Studio Solution File, Format Version 12.00
# Visual Studio Version 17
VisualStudioVersion = 17.6.33723.286
MinimumVisualStudioVersion = 10.0.40219.1
Project("{FAE04EC0-301F-11D3-BF4B-00C04F79EFBC}") = "Repaso_Arrays", "Repaso_Arrays.csproj", "{AED6A879-7B63-42AB-980C-5C17C6D51B65}"
EndProject
Global
	GlobalSection(SolutionConfigurationPlatforms) = preSolution
		Debug|Any CPU = Debug|Any CPU
		Release|Any CPU = Release|Any CPU
	EndGlobalSection
	GlobalSection(ProjectConfigurationPlatforms) = postSolution
		{AED6A879-7B63-42AB-980C-5C17C6D51B65}.Debug|Any CPU.ActiveCfg = Debug|Any CPU
		{AED6A879-7B63-42AB-980C-5C17C6D51B65}.Debug|Any CPU.Build.0 = Debug|Any CPU
		{AED6A879-7B63-42AB-980C-5C17C6D51B65}.Release|Any CPU.ActiveCfg = Release|Any CPU
		{AED6A879-7B63-42AB-980C-5C17C6D51B65}.Release|Any CPU.Build.0 = Release|Any CPU
	EndGlobalSection
	GlobalSection(SolutionProperties) = preSolution
		HideSolutionNode = FALSE
	EndGlobalSection
	GlobalSection(ExtensibilityGlobals) = postSolution
		SolutionGuid = {AFFF4E7C-4778-4ACA-94D9-C3BB614D65C2}
	EndGlobalSection
EndGlobal
