
Microsoft Visual Studio Solution File, Format Version 12.00
# Visual Studio Version 17
VisualStudioVersion = 17.6.33723.286
MinimumVisualStudioVersion = 10.0.40219.1
Project("{FAE04EC0-301F-11D3-BF4B-00C04F79EFBC}") = "INotifyPropertyChanged", "INotifyPropertyChanged.csproj", "{CEA600E6-C91B-4CA7-9B72-607F40E2F98C}"
EndProject
Global
	GlobalSection(SolutionConfigurationPlatforms) = preSolution
		Debug|Any CPU = Debug|Any CPU
		Release|Any CPU = Release|Any CPU
	EndGlobalSection
	GlobalSection(ProjectConfigurationPlatforms) = postSolution
		{CEA600E6-C91B-4CA7-9B72-607F40E2F98C}.Debug|Any CPU.ActiveCfg = Debug|Any CPU
		{CEA600E6-C91B-4CA7-9B72-607F40E2F98C}.Debug|Any CPU.Build.0 = Debug|Any CPU
		{CEA600E6-C91B-4CA7-9B72-607F40E2F98C}.Release|Any CPU.ActiveCfg = Release|Any CPU
		{CEA600E6-C91B-4CA7-9B72-607F40E2F98C}.Release|Any CPU.Build.0 = Release|Any CPU
	EndGlobalSection
	GlobalSection(SolutionProperties) = preSolution
		HideSolutionNode = FALSE
	EndGlobalSection
	GlobalSection(ExtensibilityGlobals) = postSolution
		SolutionGuid = {5396CEC7-9113-43CA-AF24-330B81D140F9}
	EndGlobalSection
EndGlobal
