
Microsoft Visual Studio Solution File, Format Version 12.00
# Visual Studio Version 17
VisualStudioVersion = 17.6.33723.286
MinimumVisualStudioVersion = 10.0.40219.1
Project("{FAE04EC0-301F-11D3-BF4B-00C04F79EFBC}") = "Primera_interfaz", "Primera_interfaz.csproj", "{1C41DF5C-F23A-4E21-8D6F-E89D8BA50A10}"
EndProject
Global
	GlobalSection(SolutionConfigurationPlatforms) = preSolution
		Debug|Any CPU = Debug|Any CPU
		Release|Any CPU = Release|Any CPU
	EndGlobalSection
	GlobalSection(ProjectConfigurationPlatforms) = postSolution
		{1C41DF5C-F23A-4E21-8D6F-E89D8BA50A10}.Debug|Any CPU.ActiveCfg = Debug|Any CPU
		{1C41DF5C-F23A-4E21-8D6F-E89D8BA50A10}.Debug|Any CPU.Build.0 = Debug|Any CPU
		{1C41DF5C-F23A-4E21-8D6F-E89D8BA50A10}.Release|Any CPU.ActiveCfg = Release|Any CPU
		{1C41DF5C-F23A-4E21-8D6F-E89D8BA50A10}.Release|Any CPU.Build.0 = Release|Any CPU
	EndGlobalSection
	GlobalSection(SolutionProperties) = preSolution
		HideSolutionNode = FALSE
	EndGlobalSection
	GlobalSection(ExtensibilityGlobals) = postSolution
		SolutionGuid = {693D09A3-A8F6-41B3-A568-67F44E02738E}
	EndGlobalSection
EndGlobal
