
Microsoft Visual Studio Solution File, Format Version 12.00
# Visual Studio Version 17
VisualStudioVersion = 17.6.33723.286
MinimumVisualStudioVersion = 10.0.40219.1
Project("{FAE04EC0-301F-11D3-BF4B-00C04F79EFBC}") = "FinaleEx", "FinaleEx.csproj", "{DC91AFBC-AA2F-4DF8-BE4F-97D59E692F98}"
EndProject
Global
	GlobalSection(SolutionConfigurationPlatforms) = preSolution
		Debug|Any CPU = Debug|Any CPU
		Release|Any CPU = Release|Any CPU
	EndGlobalSection
	GlobalSection(ProjectConfigurationPlatforms) = postSolution
		{DC91AFBC-AA2F-4DF8-BE4F-97D59E692F98}.Debug|Any CPU.ActiveCfg = Debug|Any CPU
		{DC91AFBC-AA2F-4DF8-BE4F-97D59E692F98}.Debug|Any CPU.Build.0 = Debug|Any CPU
		{DC91AFBC-AA2F-4DF8-BE4F-97D59E692F98}.Release|Any CPU.ActiveCfg = Release|Any CPU
		{DC91AFBC-AA2F-4DF8-BE4F-97D59E692F98}.Release|Any CPU.Build.0 = Release|Any CPU
	EndGlobalSection
	GlobalSection(SolutionProperties) = preSolution
		HideSolutionNode = FALSE
	EndGlobalSection
	GlobalSection(ExtensibilityGlobals) = postSolution
		SolutionGuid = {80C1CFCF-A246-4E8C-8B2B-4038593FB22F}
	EndGlobalSection
EndGlobal
