
Microsoft Visual Studio Solution File, Format Version 12.00
# Visual Studio Version 17
VisualStudioVersion = 17.6.33723.286
MinimumVisualStudioVersion = 10.0.40219.1
Project("{FAE04EC0-301F-11D3-BF4B-00C04F79EFBC}") = "Colecciones", "Colecciones.csproj", "{9883BD0F-DFE7-4CAB-8A20-09D972D2DCEF}"
EndProject
Global
	GlobalSection(SolutionConfigurationPlatforms) = preSolution
		Debug|Any CPU = Debug|Any CPU
		Release|Any CPU = Release|Any CPU
	EndGlobalSection
	GlobalSection(ProjectConfigurationPlatforms) = postSolution
		{9883BD0F-DFE7-4CAB-8A20-09D972D2DCEF}.Debug|Any CPU.ActiveCfg = Debug|Any CPU
		{9883BD0F-DFE7-4CAB-8A20-09D972D2DCEF}.Debug|Any CPU.Build.0 = Debug|Any CPU
		{9883BD0F-DFE7-4CAB-8A20-09D972D2DCEF}.Release|Any CPU.ActiveCfg = Release|Any CPU
		{9883BD0F-DFE7-4CAB-8A20-09D972D2DCEF}.Release|Any CPU.Build.0 = Release|Any CPU
	EndGlobalSection
	GlobalSection(SolutionProperties) = preSolution
		HideSolutionNode = FALSE
	EndGlobalSection
	GlobalSection(ExtensibilityGlobals) = postSolution
		SolutionGuid = {39EB67DB-622B-47E5-B9A7-D3D2ABDA1129}
	EndGlobalSection
EndGlobal
