
Microsoft Visual Studio Solution File, Format Version 12.00
# Visual Studio Version 17
VisualStudioVersion = 17.6.33723.286
MinimumVisualStudioVersion = 10.0.40219.1
Project("{FAE04EC0-301F-11D3-BF4B-00C04F79EFBC}") = "Practicas_Array", "Practicas_Array.csproj", "{F06F7A83-2501-4BFD-B6B5-DC9221300533}"
EndProject
Global
	GlobalSection(SolutionConfigurationPlatforms) = preSolution
		Debug|Any CPU = Debug|Any CPU
		Release|Any CPU = Release|Any CPU
	EndGlobalSection
	GlobalSection(ProjectConfigurationPlatforms) = postSolution
		{F06F7A83-2501-4BFD-B6B5-DC9221300533}.Debug|Any CPU.ActiveCfg = Debug|Any CPU
		{F06F7A83-2501-4BFD-B6B5-DC9221300533}.Debug|Any CPU.Build.0 = Debug|Any CPU
		{F06F7A83-2501-4BFD-B6B5-DC9221300533}.Release|Any CPU.ActiveCfg = Release|Any CPU
		{F06F7A83-2501-4BFD-B6B5-DC9221300533}.Release|Any CPU.Build.0 = Release|Any CPU
	EndGlobalSection
	GlobalSection(SolutionProperties) = preSolution
		HideSolutionNode = FALSE
	EndGlobalSection
	GlobalSection(ExtensibilityGlobals) = postSolution
		SolutionGuid = {B828EB4E-DEBF-4228-898C-820B361494DA}
	EndGlobalSection
EndGlobal
